
Microsoft Visual Studio Solution File, Format Version 12.00
# Visual Studio Version 16
VisualStudioVersion = 16.0.29503.13
MinimumVisualStudioVersion = 10.0.40219.1
Project("{FAE04EC0-301F-11D3-BF4B-00C04F79EFBC}") = "WPFSnake", "WPFSnake\WPFSnake.csproj", "{B1C8ACD0-3332-4696-990D-7D67CCD144EB}"
EndProject
Global
	GlobalSection(SolutionConfigurationPlatforms) = preSolution
		Debug|Any CPU = Debug|Any CPU
		Release|Any CPU = Release|Any CPU
	EndGlobalSection
	GlobalSection(ProjectConfigurationPlatforms) = postSolution
		{B1C8ACD0-3332-4696-990D-7D67CCD144EB}.Debug|Any CPU.ActiveCfg = Debug|Any CPU
		{B1C8ACD0-3332-4696-990D-7D67CCD144EB}.Debug|Any CPU.Build.0 = Debug|Any CPU
		{B1C8ACD0-3332-4696-990D-7D67CCD144EB}.Release|Any CPU.ActiveCfg = Release|Any CPU
		{B1C8ACD0-3332-4696-990D-7D67CCD144EB}.Release|Any CPU.Build.0 = Release|Any CPU
	EndGlobalSection
	GlobalSection(SolutionProperties) = preSolution
		HideSolutionNode = FALSE
	EndGlobalSection
	GlobalSection(ExtensibilityGlobals) = postSolution
		SolutionGuid = {0E470C53-98CC-4DA6-A26A-22AC47E5D58F}
	EndGlobalSection
EndGlobal
